
Microsoft Visual Studio Solution File, Format Version 12.00
# Visual Studio Version 17
VisualStudioVersion = 17.4.33205.214
MinimumVisualStudioVersion = 10.0.40219.1
Project("{FAE04EC0-301F-11D3-BF4B-00C04F79EFBC}") = "MyShoeWorldApp", "MyShoeWorldApp\MyShoeWorldApp.csproj", "{2E089CD4-AE02-4DCC-BA2A-DFD1FC392A28}"
EndProject
Global
	GlobalSection(SolutionConfigurationPlatforms) = preSolution
		Debug|Any CPU = Debug|Any CPU
		Release|Any CPU = Release|Any CPU
	EndGlobalSection
	GlobalSection(ProjectConfigurationPlatforms) = postSolution
		{2E089CD4-AE02-4DCC-BA2A-DFD1FC392A28}.Debug|Any CPU.ActiveCfg = Debug|Any CPU
		{2E089CD4-AE02-4DCC-BA2A-DFD1FC392A28}.Debug|Any CPU.Build.0 = Debug|Any CPU
		{2E089CD4-AE02-4DCC-BA2A-DFD1FC392A28}.Release|Any CPU.ActiveCfg = Release|Any CPU
		{2E089CD4-AE02-4DCC-BA2A-DFD1FC392A28}.Release|Any CPU.Build.0 = Release|Any CPU
	EndGlobalSection
	GlobalSection(SolutionProperties) = preSolution
		HideSolutionNode = FALSE
	EndGlobalSection
	GlobalSection(ExtensibilityGlobals) = postSolution
		SolutionGuid = {2D2A3BC1-285A-47E1-9823-1F97F78DDEE1}
	EndGlobalSection
EndGlobal
